// !$*UTF8*$!
{
	archiveVersion = 1;
	classes = {
	};
	objectVersion = 48;
	objects = {

/* Begin PBXBuildFile section */
		1CA803301FE6D64A007EB20E /* CMServiceHandler.m in Sources */ = {isa = PBXBuildFile; fileRef = 1CA8032F1FE6D64A007EB20E /* CMServiceHandler.m */; };
		1CA803341FE6D67B007EB20E /* Reachability.m in Sources */ = {isa = PBXBuildFile; fileRef = 1CA803331FE6D67B007EB20E /* Reachability.m */; };
		1CA803381FE6D6D1007EB20E /* CMRequest.m in Sources */ = {isa = PBXBuildFile; fileRef = 1CA803371FE6D6D1007EB20E /* CMRequest.m */; };
		1CAE9D3A1FE6B6A1001347CA /* AppDelegate.m in Sources */ = {isa = PBXBuildFile; fileRef = 1CAE9D391FE6B6A1001347CA /* AppDelegate.m */; };
		1CAE9D421FE6B6A1001347CA /* Assets.xcassets in Resources */ = {isa = PBXBuildFile; fileRef = 1CAE9D411FE6B6A1001347CA /* Assets.xcassets */; };
		1CAE9D451FE6B6A1001347CA /* LaunchScreen.storyboard in Resources */ = {isa = PBXBuildFile; fileRef = 1CAE9D431FE6B6A1001347CA /* LaunchScreen.storyboard */; };
		1CAE9D481FE6B6A1001347CA /* main.m in Sources */ = {isa = PBXBuildFile; fileRef = 1CAE9D471FE6B6A1001347CA /* main.m */; };
		1CBD070E1FE71D75003D6197 /* CMTubeListViewController.m in Sources */ = {isa = PBXBuildFile; fileRef = 1CBD070C1FE71D75003D6197 /* CMTubeListViewController.m */; };
		1CBD070F1FE71D75003D6197 /* CMTubeListViewController.xib in Resources */ = {isa = PBXBuildFile; fileRef = 1CBD070D1FE71D75003D6197 /* CMTubeListViewController.xib */; };
		1CBD07141FE71F64003D6197 /* CMBaseViewController.m in Sources */ = {isa = PBXBuildFile; fileRef = 1CBD07121FE71F64003D6197 /* CMBaseViewController.m */; };
		1CBD07151FE71F64003D6197 /* CMBaseViewController.xib in Resources */ = {isa = PBXBuildFile; fileRef = 1CBD07131FE71F64003D6197 /* CMBaseViewController.xib */; };
		1CBD07181FE722CC003D6197 /* LaunchScreenImage.png in Resources */ = {isa = PBXBuildFile; fileRef = 1CBD07171FE722CC003D6197 /* LaunchScreenImage.png */; };
		1CBD071E1FE72594003D6197 /* ModelFactory.m in Sources */ = {isa = PBXBuildFile; fileRef = 1CBD071D1FE72594003D6197 /* ModelFactory.m */; };
		1CBD07231FE7288C003D6197 /* CMTubeFacilityDetailViewController.m in Sources */ = {isa = PBXBuildFile; fileRef = 1CBD07211FE7288C003D6197 /* CMTubeFacilityDetailViewController.m */; };
		1CBD07241FE7288C003D6197 /* CMTubeFacilityDetailViewController.xib in Resources */ = {isa = PBXBuildFile; fileRef = 1CBD07221FE7288C003D6197 /* CMTubeFacilityDetailViewController.xib */; };
		1CBD07291FE72906003D6197 /* CMTubeListCustomTableCell.m in Sources */ = {isa = PBXBuildFile; fileRef = 1CBD07271FE72906003D6197 /* CMTubeListCustomTableCell.m */; };
		1CBD072A1FE72906003D6197 /* CMTubeListCustomTableCell.xib in Resources */ = {isa = PBXBuildFile; fileRef = 1CBD07281FE72906003D6197 /* CMTubeListCustomTableCell.xib */; };
		1CBD072E1FE735FE003D6197 /* CMStopPointArrivalController.m in Sources */ = {isa = PBXBuildFile; fileRef = 1CBD072D1FE735FE003D6197 /* CMStopPointArrivalController.m */; };
		1CBD07321FE738E8003D6197 /* CMStopPoint.m in Sources */ = {isa = PBXBuildFile; fileRef = 1CBD07311FE738E8003D6197 /* CMStopPoint.m */; };
		1CBD07361FE73D7E003D6197 /* TimerTarget.m in Sources */ = {isa = PBXBuildFile; fileRef = 1CBD07351FE73D7E003D6197 /* TimerTarget.m */; };
		1CBD073B1FE76519003D6197 /* CMStationArrivalsViewController.m in Sources */ = {isa = PBXBuildFile; fileRef = 1CBD07391FE76519003D6197 /* CMStationArrivalsViewController.m */; };
		1CBD073C1FE76519003D6197 /* CMStationArrivalsViewController.xib in Resources */ = {isa = PBXBuildFile; fileRef = 1CBD073A1FE76519003D6197 /* CMStationArrivalsViewController.xib */; };
		D01E125C130C75266C8FDE9A /* libPods-CityMapperChallenge.a in Frameworks */ = {isa = PBXBuildFile; fileRef = 9D0C571D20ADDACA3B62A72B /* libPods-CityMapperChallenge.a */; };
/* End PBXBuildFile section */

/* Begin PBXFileReference section */
		1CA8032E1FE6D64A007EB20E /* CMServiceHandler.h */ = {isa = PBXFileReference; lastKnownFileType = sourcecode.c.h; path = CMServiceHandler.h; sourceTree = "<group>"; };
		1CA8032F1FE6D64A007EB20E /* CMServiceHandler.m */ = {isa = PBXFileReference; lastKnownFileType = sourcecode.c.objc; path = CMServiceHandler.m; sourceTree = "<group>"; };
		1CA803321FE6D67B007EB20E /* Reachability.h */ = {isa = PBXFileReference; fileEncoding = 4; lastKnownFileType = sourcecode.c.h; path = Reachability.h; sourceTree = "<group>"; };
		1CA803331FE6D67B007EB20E /* Reachability.m */ = {isa = PBXFileReference; fileEncoding = 4; lastKnownFileType = sourcecode.c.objc; path = Reachability.m; sourceTree = "<group>"; };
		1CA803361FE6D6D1007EB20E /* CMRequest.h */ = {isa = PBXFileReference; lastKnownFileType = sourcecode.c.h; path = CMRequest.h; sourceTree = "<group>"; };
		1CA803371FE6D6D1007EB20E /* CMRequest.m */ = {isa = PBXFileReference; lastKnownFileType = sourcecode.c.objc; path = CMRequest.m; sourceTree = "<group>"; };
		1CA803431FE700D0007EB20E /* MyPrefixHeader.pch */ = {isa = PBXFileReference; lastKnownFileType = sourcecode.c.h; path = MyPrefixHeader.pch; sourceTree = "<group>"; };
		1CA803441FE700EC007EB20E /* Constants.h */ = {isa = PBXFileReference; lastKnownFileType = sourcecode.c.h; path = Constants.h; sourceTree = "<group>"; };
		1CAE9D351FE6B6A1001347CA /* CityMapperChallenge.app */ = {isa = PBXFileReference; explicitFileType = wrapper.application; includeInIndex = 0; path = CityMapperChallenge.app; sourceTree = BUILT_PRODUCTS_DIR; };
		1CAE9D381FE6B6A1001347CA /* AppDelegate.h */ = {isa = PBXFileReference; lastKnownFileType = sourcecode.c.h; path = AppDelegate.h; sourceTree = "<group>"; };
		1CAE9D391FE6B6A1001347CA /* AppDelegate.m */ = {isa = PBXFileReference; lastKnownFileType = sourcecode.c.objc; path = AppDelegate.m; sourceTree = "<group>"; };
		1CAE9D411FE6B6A1001347CA /* Assets.xcassets */ = {isa = PBXFileReference; lastKnownFileType = folder.assetcatalog; path = Assets.xcassets; sourceTree = "<group>"; };
		1CAE9D441FE6B6A1001347CA /* Base */ = {isa = PBXFileReference; lastKnownFileType = file.storyboard; name = Base; path = Base.lproj/LaunchScreen.storyboard; sourceTree = "<group>"; };
		1CAE9D461FE6B6A1001347CA /* Info.plist */ = {isa = PBXFileReference; lastKnownFileType = text.plist.xml; path = Info.plist; sourceTree = "<group>"; };
		1CAE9D471FE6B6A1001347CA /* main.m */ = {isa = PBXFileReference; lastKnownFileType = sourcecode.c.objc; path = main.m; sourceTree = "<group>"; };
		1CBD070B1FE71D75003D6197 /* CMTubeListViewController.h */ = {isa = PBXFileReference; lastKnownFileType = sourcecode.c.h; path = CMTubeListViewController.h; sourceTree = "<group>"; };
		1CBD070C1FE71D75003D6197 /* CMTubeListViewController.m */ = {isa = PBXFileReference; lastKnownFileType = sourcecode.c.objc; path = CMTubeListViewController.m; sourceTree = "<group>"; };
		1CBD070D1FE71D75003D6197 /* CMTubeListViewController.xib */ = {isa = PBXFileReference; lastKnownFileType = file.xib; path = CMTubeListViewController.xib; sourceTree = "<group>"; };
		1CBD07111FE71F64003D6197 /* CMBaseViewController.h */ = {isa = PBXFileReference; lastKnownFileType = sourcecode.c.h; path = CMBaseViewController.h; sourceTree = "<group>"; };
		1CBD07121FE71F64003D6197 /* CMBaseViewController.m */ = {isa = PBXFileReference; lastKnownFileType = sourcecode.c.objc; path = CMBaseViewController.m; sourceTree = "<group>"; };
		1CBD07131FE71F64003D6197 /* CMBaseViewController.xib */ = {isa = PBXFileReference; lastKnownFileType = file.xib; path = CMBaseViewController.xib; sourceTree = "<group>"; };
		1CBD07171FE722CC003D6197 /* LaunchScreenImage.png */ = {isa = PBXFileReference; lastKnownFileType = image.png; name = LaunchScreenImage.png; path = CityMapperChallenge/Assets.xcassets/LaunchScreenImage.png; sourceTree = SOURCE_ROOT; };
		1CBD071C1FE72594003D6197 /* ModelFactory.h */ = {isa = PBXFileReference; lastKnownFileType = sourcecode.c.h; path = ModelFactory.h; sourceTree = "<group>"; };
		1CBD071D1FE72594003D6197 /* ModelFactory.m */ = {isa = PBXFileReference; lastKnownFileType = sourcecode.c.objc; path = ModelFactory.m; sourceTree = "<group>"; };
		1CBD07201FE7288C003D6197 /* CMTubeFacilityDetailViewController.h */ = {isa = PBXFileReference; lastKnownFileType = sourcecode.c.h; path = CMTubeFacilityDetailViewController.h; sourceTree = "<group>"; };
		1CBD07211FE7288C003D6197 /* CMTubeFacilityDetailViewController.m */ = {isa = PBXFileReference; lastKnownFileType = sourcecode.c.objc; path = CMTubeFacilityDetailViewController.m; sourceTree = "<group>"; };
		1CBD07221FE7288C003D6197 /* CMTubeFacilityDetailViewController.xib */ = {isa = PBXFileReference; lastKnownFileType = file.xib; path = CMTubeFacilityDetailViewController.xib; sourceTree = "<group>"; };
		1CBD07261FE72906003D6197 /* CMTubeListCustomTableCell.h */ = {isa = PBXFileReference; lastKnownFileType = sourcecode.c.h; path = CMTubeListCustomTableCell.h; sourceTree = "<group>"; };
		1CBD07271FE72906003D6197 /* CMTubeListCustomTableCell.m */ = {isa = PBXFileReference; lastKnownFileType = sourcecode.c.objc; path = CMTubeListCustomTableCell.m; sourceTree = "<group>"; };
		1CBD07281FE72906003D6197 /* CMTubeListCustomTableCell.xib */ = {isa = PBXFileReference; lastKnownFileType = file.xib; path = CMTubeListCustomTableCell.xib; sourceTree = "<group>"; };
		1CBD072C1FE735FE003D6197 /* CMStopPointArrivalController.h */ = {isa = PBXFileReference; lastKnownFileType = sourcecode.c.h; path = CMStopPointArrivalController.h; sourceTree = "<group>"; };
		1CBD072D1FE735FE003D6197 /* CMStopPointArrivalController.m */ = {isa = PBXFileReference; lastKnownFileType = sourcecode.c.objc; path = CMStopPointArrivalController.m; sourceTree = "<group>"; };
		1CBD07301FE738E8003D6197 /* CMStopPoint.h */ = {isa = PBXFileReference; lastKnownFileType = sourcecode.c.h; path = CMStopPoint.h; sourceTree = "<group>"; };
		1CBD07311FE738E8003D6197 /* CMStopPoint.m */ = {isa = PBXFileReference; lastKnownFileType = sourcecode.c.objc; path = CMStopPoint.m; sourceTree = "<group>"; };
		1CBD07341FE73D7E003D6197 /* TimerTarget.h */ = {isa = PBXFileReference; lastKnownFileType = sourcecode.c.h; path = TimerTarget.h; sourceTree = "<group>"; };
		1CBD07351FE73D7E003D6197 /* TimerTarget.m */ = {isa = PBXFileReference; lastKnownFileType = sourcecode.c.objc; path = TimerTarget.m; sourceTree = "<group>"; };
		1CBD07381FE76519003D6197 /* CMStationArrivalsViewController.h */ = {isa = PBXFileReference; lastKnownFileType = sourcecode.c.h; path = CMStationArrivalsViewController.h; sourceTree = "<group>"; };
		1CBD07391FE76519003D6197 /* CMStationArrivalsViewController.m */ = {isa = PBXFileReference; lastKnownFileType = sourcecode.c.objc; path = CMStationArrivalsViewController.m; sourceTree = "<group>"; };
		1CBD073A1FE76519003D6197 /* CMStationArrivalsViewController.xib */ = {isa = PBXFileReference; lastKnownFileType = file.xib; path = CMStationArrivalsViewController.xib; sourceTree = "<group>"; };
		50368916E7DE5C0FE6F280D6 /* Pods-CityMapperChallenge.release.xcconfig */ = {isa = PBXFileReference; includeInIndex = 1; lastKnownFileType = text.xcconfig; name = "Pods-CityMapperChallenge.release.xcconfig"; path = "Pods/Target Support Files/Pods-CityMapperChallenge/Pods-CityMapperChallenge.release.xcconfig"; sourceTree = "<group>"; };
		7107959CE38EE70A646F92A3 /* Pods-CityMapperChallenge.debug.xcconfig */ = {isa = PBXFileReference; includeInIndex = 1; lastKnownFileType = text.xcconfig; name = "Pods-CityMapperChallenge.debug.xcconfig"; path = "Pods/Target Support Files/Pods-CityMapperChallenge/Pods-CityMapperChallenge.debug.xcconfig"; sourceTree = "<group>"; };
		9D0C571D20ADDACA3B62A72B /* libPods-CityMapperChallenge.a */ = {isa = PBXFileReference; explicitFileType = archive.ar; includeInIndex = 0; path = "libPods-CityMapperChallenge.a"; sourceTree = BUILT_PRODUCTS_DIR; };
/* End PBXFileReference section */

/* Begin PBXFrameworksBuildPhase section */
		1CAE9D321FE6B6A1001347CA /* Frameworks */ = {
			isa = PBXFrameworksBuildPhase;
			buildActionMask = 2147483647;
			files = (
				D01E125C130C75266C8FDE9A /* libPods-CityMapperChallenge.a in Frameworks */,
			);
			runOnlyForDeploymentPostprocessing = 0;
		};
/* End PBXFrameworksBuildPhase section */

/* Begin PBXGroup section */
		04A6879EC1F83F3BD2062D69 /* Pods */ = {
			isa = PBXGroup;
			children = (
				7107959CE38EE70A646F92A3 /* Pods-CityMapperChallenge.debug.xcconfig */,
				50368916E7DE5C0FE6F280D6 /* Pods-CityMapperChallenge.release.xcconfig */,
			);
			name = Pods;
			sourceTree = "<group>";
		};
		1CA8032D1FE6D580007EB20E /* RequestHandler */ = {
			isa = PBXGroup;
			children = (
				1CA8032E1FE6D64A007EB20E /* CMServiceHandler.h */,
				1CA8032F1FE6D64A007EB20E /* CMServiceHandler.m */,
			);
			path = RequestHandler;
			sourceTree = "<group>";
		};
		1CA803311FE6D656007EB20E /* Reachability */ = {
			isa = PBXGroup;
			children = (
				1CA803321FE6D67B007EB20E /* Reachability.h */,
				1CA803331FE6D67B007EB20E /* Reachability.m */,
			);
			path = Reachability;
			sourceTree = "<group>";
		};
		1CA803351FE6D6B2007EB20E /* CMRequest */ = {
			isa = PBXGroup;
			children = (
				1CA803361FE6D6D1007EB20E /* CMRequest.h */,
				1CA803371FE6D6D1007EB20E /* CMRequest.m */,
			);
			path = CMRequest;
			sourceTree = "<group>";
		};
		1CA8033D1FE6FF76007EB20E /* Networking */ = {
			isa = PBXGroup;
			children = (
				1CA8032D1FE6D580007EB20E /* RequestHandler */,
				1CA803351FE6D6B2007EB20E /* CMRequest */,
				1CA803311FE6D656007EB20E /* Reachability */,
			);
			path = Networking;
			sourceTree = "<group>";
		};
		1CA803401FE6FFE2007EB20E /* Supporting */ = {
			isa = PBXGroup;
			children = (
				1CAE9D431FE6B6A1001347CA /* LaunchScreen.storyboard */,
				1CBD07161FE722B4003D6197 /* Images */,
				1CA803431FE700D0007EB20E /* MyPrefixHeader.pch */,
				1CA803441FE700EC007EB20E /* Constants.h */,
			);
			path = Supporting;
			sourceTree = "<group>";
		};
		1CAE9D2C1FE6B6A1001347CA = {
			isa = PBXGroup;
			children = (
				1CAE9D371FE6B6A1001347CA /* CityMapperChallenge */,
				1CAE9D361FE6B6A1001347CA /* Products */,
				04A6879EC1F83F3BD2062D69 /* Pods */,
				CCFA64204996DB3064BF2490 /* Frameworks */,
			);
			sourceTree = "<group>";
		};
		1CAE9D361FE6B6A1001347CA /* Products */ = {
			isa = PBXGroup;
			children = (
				1CAE9D351FE6B6A1001347CA /* CityMapperChallenge.app */,
			);
			name = Products;
			sourceTree = "<group>";
		};
		1CAE9D371FE6B6A1001347CA /* CityMapperChallenge */ = {
			isa = PBXGroup;
			children = (
				1CBD071B1FE7257C003D6197 /* ModelFactory */,
				1CBD071A1FE72546003D6197 /* UserInterface */,
				1CBD07191FE7250E003D6197 /* AppDelegate */,
				1CA8033D1FE6FF76007EB20E /* Networking */,
				1CBD07331FE73D68003D6197 /* Utilities */,
				1CA803401FE6FFE2007EB20E /* Supporting */,
				1CAE9D411FE6B6A1001347CA /* Assets.xcassets */,
				1CAE9D461FE6B6A1001347CA /* Info.plist */,
				1CAE9D471FE6B6A1001347CA /* main.m */,
			);
			path = CityMapperChallenge;
			sourceTree = "<group>";
		};
		1CBD070A1FE71D44003D6197 /* CMTubeListViewController */ = {
			isa = PBXGroup;
			children = (
				1CBD07251FE728E2003D6197 /* CMTubeListCustomCell */,
				1CBD070B1FE71D75003D6197 /* CMTubeListViewController.h */,
				1CBD070C1FE71D75003D6197 /* CMTubeListViewController.m */,
				1CBD070D1FE71D75003D6197 /* CMTubeListViewController.xib */,
			);
			path = CMTubeListViewController;
			sourceTree = "<group>";
		};
		1CBD07101FE71F4A003D6197 /* CMBaseViewController */ = {
			isa = PBXGroup;
			children = (
				1CBD07111FE71F64003D6197 /* CMBaseViewController.h */,
				1CBD07121FE71F64003D6197 /* CMBaseViewController.m */,
				1CBD07131FE71F64003D6197 /* CMBaseViewController.xib */,
			);
			path = CMBaseViewController;
			sourceTree = "<group>";
		};
		1CBD07161FE722B4003D6197 /* Images */ = {
			isa = PBXGroup;
			children = (
				1CBD07171FE722CC003D6197 /* LaunchScreenImage.png */,
			);
			path = Images;
			sourceTree = "<group>";
		};
		1CBD07191FE7250E003D6197 /* AppDelegate */ = {
			isa = PBXGroup;
			children = (
				1CAE9D381FE6B6A1001347CA /* AppDelegate.h */,
				1CAE9D391FE6B6A1001347CA /* AppDelegate.m */,
			);
			path = AppDelegate;
			sourceTree = "<group>";
		};
		1CBD071A1FE72546003D6197 /* UserInterface */ = {
			isa = PBXGroup;
			children = (
				1CBD07371FE764DF003D6197 /* CMStationArrivalsViewController */,
				1CBD071F1FE72868003D6197 /* CMTubeFacilityDetailViewController */,
				1CBD07101FE71F4A003D6197 /* CMBaseViewController */,
				1CBD070A1FE71D44003D6197 /* CMTubeListViewController */,
			);
			path = UserInterface;
			sourceTree = "<group>";
		};
		1CBD071B1FE7257C003D6197 /* ModelFactory */ = {
			isa = PBXGroup;
			children = (
				1CBD072F1FE738D7003D6197 /* CMStopPoint */,
				1CBD072B1FE73595003D6197 /* CMListController */,
				1CBD071C1FE72594003D6197 /* ModelFactory.h */,
				1CBD071D1FE72594003D6197 /* ModelFactory.m */,
			);
			path = ModelFactory;
			sourceTree = "<group>";
		};
		1CBD071F1FE72868003D6197 /* CMTubeFacilityDetailViewController */ = {
			isa = PBXGroup;
			children = (
				1CBD07201FE7288C003D6197 /* CMTubeFacilityDetailViewController.h */,
				1CBD07211FE7288C003D6197 /* CMTubeFacilityDetailViewController.m */,
				1CBD07221FE7288C003D6197 /* CMTubeFacilityDetailViewController.xib */,
			);
			path = CMTubeFacilityDetailViewController;
			sourceTree = "<group>";
		};
		1CBD07251FE728E2003D6197 /* CMTubeListCustomCell */ = {
			isa = PBXGroup;
			children = (
				1CBD07261FE72906003D6197 /* CMTubeListCustomTableCell.h */,
				1CBD07271FE72906003D6197 /* CMTubeListCustomTableCell.m */,
				1CBD07281FE72906003D6197 /* CMTubeListCustomTableCell.xib */,
			);
			path = CMTubeListCustomCell;
			sourceTree = "<group>";
		};
		1CBD072B1FE73595003D6197 /* CMListController */ = {
			isa = PBXGroup;
			children = (
				1CBD072C1FE735FE003D6197 /* CMStopPointArrivalController.h */,
				1CBD072D1FE735FE003D6197 /* CMStopPointArrivalController.m */,
			);
			path = CMListController;
			sourceTree = "<group>";
		};
		1CBD072F1FE738D7003D6197 /* CMStopPoint */ = {
			isa = PBXGroup;
			children = (
				1CBD07301FE738E8003D6197 /* CMStopPoint.h */,
				1CBD07311FE738E8003D6197 /* CMStopPoint.m */,
			);
			path = CMStopPoint;
			sourceTree = "<group>";
		};
		1CBD07331FE73D68003D6197 /* Utilities */ = {
			isa = PBXGroup;
			children = (
				1CBD07341FE73D7E003D6197 /* TimerTarget.h */,
				1CBD07351FE73D7E003D6197 /* TimerTarget.m */,
			);
			path = Utilities;
			sourceTree = "<group>";
		};
		1CBD07371FE764DF003D6197 /* CMStationArrivalsViewController */ = {
			isa = PBXGroup;
			children = (
				1CBD07381FE76519003D6197 /* CMStationArrivalsViewController.h */,
				1CBD07391FE76519003D6197 /* CMStationArrivalsViewController.m */,
				1CBD073A1FE76519003D6197 /* CMStationArrivalsViewController.xib */,
			);
			path = CMStationArrivalsViewController;
			sourceTree = "<group>";
		};
		CCFA64204996DB3064BF2490 /* Frameworks */ = {
			isa = PBXGroup;
			children = (
				9D0C571D20ADDACA3B62A72B /* libPods-CityMapperChallenge.a */,
			);
			name = Frameworks;
			sourceTree = "<group>";
		};
/* End PBXGroup section */

/* Begin PBXNativeTarget section */
		1CAE9D341FE6B6A1001347CA /* CityMapperChallenge */ = {
			isa = PBXNativeTarget;
			buildConfigurationList = 1CAE9D4B1FE6B6A1001347CA /* Build configuration list for PBXNativeTarget "CityMapperChallenge" */;
			buildPhases = (
				ED0F2689BC2BF0D509ED9125 /* [CP] Check Pods Manifest.lock */,
				1CAE9D311FE6B6A1001347CA /* Sources */,
				1CAE9D321FE6B6A1001347CA /* Frameworks */,
				1CAE9D331FE6B6A1001347CA /* Resources */,
				950F31914FF9F5DE7517B9FF /* [CP] Embed Pods Frameworks */,
				ABDD326CE18FB015EB8017BA /* [CP] Copy Pods Resources */,
			);
			buildRules = (
			);
			dependencies = (
			);
			name = CityMapperChallenge;
			productName = CityMapperChallenge;
			productReference = 1CAE9D351FE6B6A1001347CA /* CityMapperChallenge.app */;
			productType = "com.apple.product-type.application";
		};
/* End PBXNativeTarget section */

/* Begin PBXProject section */
		1CAE9D2D1FE6B6A1001347CA /* Project object */ = {
			isa = PBXProject;
			attributes = {
				LastUpgradeCheck = 0910;
				ORGANIZATIONNAME = "Nilofar Vahab poor";
				TargetAttributes = {
					1CAE9D341FE6B6A1001347CA = {
						CreatedOnToolsVersion = 9.1;
						ProvisioningStyle = Automatic;
					};
				};
			};
			buildConfigurationList = 1CAE9D301FE6B6A1001347CA /* Build configuration list for PBXProject "CityMapperChallenge" */;
			compatibilityVersion = "Xcode 8.0";
			developmentRegion = en;
			hasScannedForEncodings = 0;
			knownRegions = (
				en,
				Base,
			);
			mainGroup = 1CAE9D2C1FE6B6A1001347CA;
			productRefGroup = 1CAE9D361FE6B6A1001347CA /* Products */;
			projectDirPath = "";
			projectRoot = "";
			targets = (
				1CAE9D341FE6B6A1001347CA /* CityMapperChallenge */,
			);
		};
/* End PBXProject section */

/* Begin PBXResourcesBuildPhase section */
		1CAE9D331FE6B6A1001347CA /* Resources */ = {
			isa = PBXResourcesBuildPhase;
			buildActionMask = 2147483647;
			files = (
				1CBD07241FE7288C003D6197 /* CMTubeFacilityDetailViewController.xib in Resources */,
				1CBD073C1FE76519003D6197 /* CMStationArrivalsViewController.xib in Resources */,
				1CBD07181FE722CC003D6197 /* LaunchScreenImage.png in Resources */,
				1CBD07151FE71F64003D6197 /* CMBaseViewController.xib in Resources */,
				1CBD070F1FE71D75003D6197 /* CMTubeListViewController.xib in Resources */,
				1CAE9D451FE6B6A1001347CA /* LaunchScreen.storyboard in Resources */,
				1CBD072A1FE72906003D6197 /* CMTubeListCustomTableCell.xib in Resources */,
				1CAE9D421FE6B6A1001347CA /* Assets.xcassets in Resources */,
			);
			runOnlyForDeploymentPostprocessing = 0;
		};
/* End PBXResourcesBuildPhase section */

/* Begin PBXShellScriptBuildPhase section */
		950F31914FF9F5DE7517B9FF /* [CP] Embed Pods Frameworks */ = {
			isa = PBXShellScriptBuildPhase;
			buildActionMask = 2147483647;
			files = (
			);
			inputPaths = (
			);
			name = "[CP] Embed Pods Frameworks";
			outputPaths = (
			);
			runOnlyForDeploymentPostprocessing = 0;
			shellPath = /bin/sh;
			shellScript = "\"${SRCROOT}/Pods/Target Support Files/Pods-CityMapperChallenge/Pods-CityMapperChallenge-frameworks.sh\"\n";
			showEnvVarsInLog = 0;
		};
		ABDD326CE18FB015EB8017BA /* [CP] Copy Pods Resources */ = {
			isa = PBXShellScriptBuildPhase;
			buildActionMask = 2147483647;
			files = (
			);
			inputPaths = (
			);
			name = "[CP] Copy Pods Resources";
			outputPaths = (
			);
			runOnlyForDeploymentPostprocessing = 0;
			shellPath = /bin/sh;
			shellScript = "\"${SRCROOT}/Pods/Target Support Files/Pods-CityMapperChallenge/Pods-CityMapperChallenge-resources.sh\"\n";
			showEnvVarsInLog = 0;
		};
		ED0F2689BC2BF0D509ED9125 /* [CP] Check Pods Manifest.lock */ = {
			isa = PBXShellScriptBuildPhase;
			buildActionMask = 2147483647;
			files = (
			);
			inputPaths = (
				"${PODS_PODFILE_DIR_PATH}/Podfile.lock",
				"${PODS_ROOT}/Manifest.lock",
			);
			name = "[CP] Check Pods Manifest.lock";
			outputPaths = (
				"$(DERIVED_FILE_DIR)/Pods-CityMapperChallenge-checkManifestLockResult.txt",
			);
			runOnlyForDeploymentPostprocessing = 0;
			shellPath = /bin/sh;
			shellScript = "diff \"${PODS_PODFILE_DIR_PATH}/Podfile.lock\" \"${PODS_ROOT}/Manifest.lock\" > /dev/null\nif [ $? != 0 ] ; then\n    # print error to STDERR\n    echo \"error: The sandbox is not in sync with the Podfile.lock. Run 'pod install' or update your CocoaPods installation.\" >&2\n    exit 1\nfi\n# This output is used by Xcode 'outputs' to avoid re-running this script phase.\necho \"SUCCESS\" > \"${SCRIPT_OUTPUT_FILE_0}\"\n";
			showEnvVarsInLog = 0;
		};
/* End PBXShellScriptBuildPhase section */

/* Begin PBXSourcesBuildPhase section */
		1CAE9D311FE6B6A1001347CA /* Sources */ = {
			isa = PBXSourcesBuildPhase;
			buildActionMask = 2147483647;
			files = (
				1CA803301FE6D64A007EB20E /* CMServiceHandler.m in Sources */,
				1CAE9D481FE6B6A1001347CA /* main.m in Sources */,
				1CBD071E1FE72594003D6197 /* ModelFactory.m in Sources */,
				1CBD073B1FE76519003D6197 /* CMStationArrivalsViewController.m in Sources */,
				1CBD072E1FE735FE003D6197 /* CMStopPointArrivalController.m in Sources */,
				1CBD07321FE738E8003D6197 /* CMStopPoint.m in Sources */,
				1CBD07141FE71F64003D6197 /* CMBaseViewController.m in Sources */,
				1CBD07231FE7288C003D6197 /* CMTubeFacilityDetailViewController.m in Sources */,
				1CAE9D3A1FE6B6A1001347CA /* AppDelegate.m in Sources */,
				1CA803341FE6D67B007EB20E /* Reachability.m in Sources */,
				1CBD07291FE72906003D6197 /* CMTubeListCustomTableCell.m in Sources */,
				1CBD070E1FE71D75003D6197 /* CMTubeListViewController.m in Sources */,
				1CA803381FE6D6D1007EB20E /* CMRequest.m in Sources */,
				1CBD07361FE73D7E003D6197 /* TimerTarget.m in Sources */,
			);
			runOnlyForDeploymentPostprocessing = 0;
		};
/* End PBXSourcesBuildPhase section */

/* Begin PBXVariantGroup section */
		1CAE9D431FE6B6A1001347CA /* LaunchScreen.storyboard */ = {
			isa = PBXVariantGroup;
			children = (
				1CAE9D441FE6B6A1001347CA /* Base */,
			);
			name = LaunchScreen.storyboard;
			sourceTree = "<group>";
		};
/* End PBXVariantGroup section */

/* Begin XCBuildConfiguration section */
		1CAE9D491FE6B6A1001347CA /* Debug */ = {
			isa = XCBuildConfiguration;
			buildSettings = {
				ALWAYS_SEARCH_USER_PATHS = NO;
				CLANG_ANALYZER_NONNULL = YES;
				CLANG_ANALYZER_NUMBER_OBJECT_CONVERSION = YES_AGGRESSIVE;
				CLANG_CXX_LANGUAGE_STANDARD = "gnu++14";
				CLANG_CXX_LIBRARY = "libc++";
				CLANG_ENABLE_MODULES = YES;
				CLANG_ENABLE_OBJC_ARC = YES;
				CLANG_WARN_BLOCK_CAPTURE_AUTORELEASING = YES;
				CLANG_WARN_BOOL_CONVERSION = YES;
				CLANG_WARN_COMMA = YES;
				CLANG_WARN_CONSTANT_CONVERSION = YES;
				CLANG_WARN_DIRECT_OBJC_ISA_USAGE = YES_ERROR;
				CLANG_WARN_DOCUMENTATION_COMMENTS = YES;
				CLANG_WARN_EMPTY_BODY = YES;
				CLANG_WARN_ENUM_CONVERSION = YES;
				CLANG_WARN_INFINITE_RECURSION = YES;
				CLANG_WARN_INT_CONVERSION = YES;
				CLANG_WARN_NON_LITERAL_NULL_CONVERSION = YES;
				CLANG_WARN_OBJC_LITERAL_CONVERSION = YES;
				CLANG_WARN_OBJC_ROOT_CLASS = YES_ERROR;
				CLANG_WARN_RANGE_LOOP_ANALYSIS = YES;
				CLANG_WARN_STRICT_PROTOTYPES = YES;
				CLANG_WARN_SUSPICIOUS_MOVE = YES;
				CLANG_WARN_UNGUARDED_AVAILABILITY = YES_AGGRESSIVE;
				CLANG_WARN_UNREACHABLE_CODE = YES;
				CLANG_WARN__DUPLICATE_METHOD_MATCH = YES;
				CODE_SIGN_IDENTITY = "iPhone Developer";
				COPY_PHASE_STRIP = NO;
				DEBUG_INFORMATION_FORMAT = dwarf;
				ENABLE_STRICT_OBJC_MSGSEND = YES;
				ENABLE_TESTABILITY = YES;
				GCC_C_LANGUAGE_STANDARD = gnu11;
				GCC_DYNAMIC_NO_PIC = NO;
				GCC_NO_COMMON_BLOCKS = YES;
				GCC_OPTIMIZATION_LEVEL = 0;
				GCC_PREPROCESSOR_DEFINITIONS = (
					"DEBUG=1",
					"$(inherited)",
				);
				GCC_WARN_64_TO_32_BIT_CONVERSION = YES;
				GCC_WARN_ABOUT_RETURN_TYPE = YES_ERROR;
				GCC_WARN_UNDECLARED_SELECTOR = YES;
				GCC_WARN_UNINITIALIZED_AUTOS = YES_AGGRESSIVE;
				GCC_WARN_UNUSED_FUNCTION = YES;
				GCC_WARN_UNUSED_VARIABLE = YES;
				IPHONEOS_DEPLOYMENT_TARGET = 11.1;
				MTL_ENABLE_DEBUG_INFO = YES;
				ONLY_ACTIVE_ARCH = YES;
				SDKROOT = iphoneos;
			};
			name = Debug;
		};
		1CAE9D4A1FE6B6A1001347CA /* Release */ = {
			isa = XCBuildConfiguration;
			buildSettings = {
				ALWAYS_SEARCH_USER_PATHS = NO;
				CLANG_ANALYZER_NONNULL = YES;
				CLANG_ANALYZER_NUMBER_OBJECT_CONVERSION = YES_AGGRESSIVE;
				CLANG_CXX_LANGUAGE_STANDARD = "gnu++14";
				CLANG_CXX_LIBRARY = "libc++";
				CLANG_ENABLE_MODULES = YES;
				CLANG_ENABLE_OBJC_ARC = YES;
				CLANG_WARN_BLOCK_CAPTURE_AUTORELEASING = YES;
				CLANG_WARN_BOOL_CONVERSION = YES;
				CLANG_WARN_COMMA = YES;
				CLANG_WARN_CONSTANT_CONVERSION = YES;
				CLANG_WARN_DIRECT_OBJC_ISA_USAGE = YES_ERROR;
				CLANG_WARN_DOCUMENTATION_COMMENTS = YES;
				CLANG_WARN_EMPTY_BODY = YES;
				CLANG_WARN_ENUM_CONVERSION = YES;
				CLANG_WARN_INFINITE_RECURSION = YES;
				CLANG_WARN_INT_CONVERSION = YES;
				CLANG_WARN_NON_LITERAL_NULL_CONVERSION = YES;
				CLANG_WARN_OBJC_LITERAL_CONVERSION = YES;
				CLANG_WARN_OBJC_ROOT_CLASS = YES_ERROR;
				CLANG_WARN_RANGE_LOOP_ANALYSIS = YES;
				CLANG_WARN_STRICT_PROTOTYPES = YES;
				CLANG_WARN_SUSPICIOUS_MOVE = YES;
				CLANG_WARN_UNGUARDED_AVAILABILITY = YES_AGGRESSIVE;
				CLANG_WARN_UNREACHABLE_CODE = YES;
				CLANG_WARN__DUPLICATE_METHOD_MATCH = YES;
				CODE_SIGN_IDENTITY = "iPhone Developer";
				COPY_PHASE_STRIP = NO;
				DEBUG_INFORMATION_FORMAT = "dwarf-with-dsym";
				ENABLE_NS_ASSERTIONS = NO;
				ENABLE_STRICT_OBJC_MSGSEND = YES;
				GCC_C_LANGUAGE_STANDARD = gnu11;
				GCC_NO_COMMON_BLOCKS = YES;
				GCC_WARN_64_TO_32_BIT_CONVERSION = YES;
				GCC_WARN_ABOUT_RETURN_TYPE = YES_ERROR;
				GCC_WARN_UNDECLARED_SELECTOR = YES;
				GCC_WARN_UNINITIALIZED_AUTOS = YES_AGGRESSIVE;
				GCC_WARN_UNUSED_FUNCTION = YES;
				GCC_WARN_UNUSED_VARIABLE = YES;
				IPHONEOS_DEPLOYMENT_TARGET = 11.1;
				MTL_ENABLE_DEBUG_INFO = NO;
				SDKROOT = iphoneos;
				VALIDATE_PRODUCT = YES;
			};
			name = Release;
		};
		1CAE9D4C1FE6B6A1001347CA /* Debug */ = {
			isa = XCBuildConfiguration;
			baseConfigurationReference = 7107959CE38EE70A646F92A3 /* Pods-CityMapperChallenge.debug.xcconfig */;
			buildSettings = {
				ASSETCATALOG_COMPILER_APPICON_NAME = AppIcon;
				CODE_SIGN_STYLE = Automatic;
				DEVELOPMENT_TEAM = 48F92RBXW5;
				GCC_PRECOMPILE_PREFIX_HEADER = YES;
				GCC_PREFIX_HEADER = CityMapperChallenge/Supporting/MyPrefixHeader.pch;
				INFOPLIST_FILE = CityMapperChallenge/Info.plist;
				IPHONEOS_DEPLOYMENT_TARGET = 11.1;
				LD_RUNPATH_SEARCH_PATHS = "$(inherited) @executable_path/Frameworks";
				PRODUCT_BUNDLE_IDENTIFIER = com.nelly.CityMapperChallenge;
				PRODUCT_NAME = "$(TARGET_NAME)";
				TARGETED_DEVICE_FAMILY = 1;
			};
			name = Debug;
		};
		1CAE9D4D1FE6B6A1001347CA /* Release */ = {
			isa = XCBuildConfiguration;
			baseConfigurationReference = 50368916E7DE5C0FE6F280D6 /* Pods-CityMapperChallenge.release.xcconfig */;
			buildSettings = {
				ASSETCATALOG_COMPILER_APPICON_NAME = AppIcon;
				CODE_SIGN_STYLE = Automatic;
				DEVELOPMENT_TEAM = 48F92RBXW5;
				GCC_PRECOMPILE_PREFIX_HEADER = YES;
				GCC_PREFIX_HEADER = CityMapperChallenge/Supporting/MyPrefixHeader.pch;
				INFOPLIST_FILE = CityMapperChallenge/Info.plist;
				IPHONEOS_DEPLOYMENT_TARGET = 11.1;
				LD_RUNPATH_SEARCH_PATHS = "$(inherited) @executable_path/Frameworks";
				PRODUCT_BUNDLE_IDENTIFIER = com.nelly.CityMapperChallenge;
				PRODUCT_NAME = "$(TARGET_NAME)";
				TARGETED_DEVICE_FAMILY = 1;
			};
			name = Release;
		};
/* End XCBuildConfiguration section */

/* Begin XCConfigurationList section */
		1CAE9D301FE6B6A1001347CA /* Build configuration list for PBXProject "CityMapperChallenge" */ = {
			isa = XCConfigurationList;
			buildConfigurations = (
				1CAE9D491FE6B6A1001347CA /* Debug */,
				1CAE9D4A1FE6B6A1001347CA /* Release */,
			);
			defaultConfigurationIsVisible = 0;
			defaultConfigurationName = Release;
		};
		1CAE9D4B1FE6B6A1001347CA /* Build configuration list for PBXNativeTarget "CityMapperChallenge" */ = {
			isa = XCConfigurationList;
			buildConfigurations = (
				1CAE9D4C1FE6B6A1001347CA /* Debug */,
				1CAE9D4D1FE6B6A1001347CA /* Release */,
			);
			defaultConfigurationIsVisible = 0;
			defaultConfigurationName = Release;
		};
/* End XCConfigurationList section */
	};
	rootObject = 1CAE9D2D1FE6B6A1001347CA /* Project object */;
}
